// !$*UTF8*$!
{
	archiveVersion = 1;
	classes = {
	};
	objectVersion = 50;
	objects = {

/* Begin PBXBuildFile section */
		AB5290372475C20500BCD1D5 /* AppDelegate.swift in Sources */ = {isa = PBXBuildFile; fileRef = AB5290362475C20500BCD1D5 /* AppDelegate.swift */; };
		AB5290392475C20500BCD1D5 /* SceneDelegate.swift in Sources */ = {isa = PBXBuildFile; fileRef = AB5290382475C20500BCD1D5 /* SceneDelegate.swift */; };
		AB52903E2475C20500BCD1D5 /* Main.storyboard in Resources */ = {isa = PBXBuildFile; fileRef = AB52903C2475C20500BCD1D5 /* Main.storyboard */; };
		AB5290402475C20600BCD1D5 /* Assets.xcassets in Resources */ = {isa = PBXBuildFile; fileRef = AB52903F2475C20600BCD1D5 /* Assets.xcassets */; };
		AB5290432475C20600BCD1D5 /* LaunchScreen.storyboard in Resources */ = {isa = PBXBuildFile; fileRef = AB5290412475C20600BCD1D5 /* LaunchScreen.storyboard */; };
		FE194B812475C4860049F023 /* Card.swift in Sources */ = {isa = PBXBuildFile; fileRef = FE194B802475C4860049F023 /* Card.swift */; };
		FE194B832475C4C60049F023 /* CardViewController.swift in Sources */ = {isa = PBXBuildFile; fileRef = FE194B822475C4C60049F023 /* CardViewController.swift */; };
		FE194B852475C4DC0049F023 /* CardController.swift in Sources */ = {isa = PBXBuildFile; fileRef = FE194B842475C4DC0049F023 /* CardController.swift */; };
/* End PBXBuildFile section */

/* Begin PBXFileReference section */
		AB5290332475C20500BCD1D5 /* SmokeOrFire.app */ = {isa = PBXFileReference; explicitFileType = wrapper.application; includeInIndex = 0; path = SmokeOrFire.app; sourceTree = BUILT_PRODUCTS_DIR; };
		AB5290362475C20500BCD1D5 /* AppDelegate.swift */ = {isa = PBXFileReference; lastKnownFileType = sourcecode.swift; path = AppDelegate.swift; sourceTree = "<group>"; };
		AB5290382475C20500BCD1D5 /* SceneDelegate.swift */ = {isa = PBXFileReference; lastKnownFileType = sourcecode.swift; path = SceneDelegate.swift; sourceTree = "<group>"; };
		AB52903D2475C20500BCD1D5 /* Base */ = {isa = PBXFileReference; lastKnownFileType = file.storyboard; name = Base; path = Base.lproj/Main.storyboard; sourceTree = "<group>"; };
		AB52903F2475C20600BCD1D5 /* Assets.xcassets */ = {isa = PBXFileReference; lastKnownFileType = folder.assetcatalog; path = Assets.xcassets; sourceTree = "<group>"; };
		AB5290422475C20600BCD1D5 /* Base */ = {isa = PBXFileReference; lastKnownFileType = file.storyboard; name = Base; path = Base.lproj/LaunchScreen.storyboard; sourceTree = "<group>"; };
		AB5290442475C20600BCD1D5 /* Info.plist */ = {isa = PBXFileReference; lastKnownFileType = text.plist.xml; path = Info.plist; sourceTree = "<group>"; };
		FE194B802475C4860049F023 /* Card.swift */ = {isa = PBXFileReference; lastKnownFileType = sourcecode.swift; path = Card.swift; sourceTree = "<group>"; };
		FE194B822475C4C60049F023 /* CardViewController.swift */ = {isa = PBXFileReference; lastKnownFileType = sourcecode.swift; path = CardViewController.swift; sourceTree = "<group>"; };
		FE194B842475C4DC0049F023 /* CardController.swift */ = {isa = PBXFileReference; lastKnownFileType = sourcecode.swift; path = CardController.swift; sourceTree = "<group>"; };
/* End PBXFileReference section */

/* Begin PBXFrameworksBuildPhase section */
		AB5290302475C20500BCD1D5 /* Frameworks */ = {
			isa = PBXFrameworksBuildPhase;
			buildActionMask = 2147483647;
			files = (
			);
			runOnlyForDeploymentPostprocessing = 0;
		};
/* End PBXFrameworksBuildPhase section */

/* Begin PBXGroup section */
		AB52902A2475C20500BCD1D5 = {
			isa = PBXGroup;
			children = (
				AB5290352475C20500BCD1D5 /* SmokeOrFire */,
				AB5290342475C20500BCD1D5 /* Products */,
			);
			sourceTree = "<group>";
		};
		AB5290342475C20500BCD1D5 /* Products */ = {
			isa = PBXGroup;
			children = (
				AB5290332475C20500BCD1D5 /* SmokeOrFire.app */,
			);
			name = Products;
			sourceTree = "<group>";
		};
		AB5290352475C20500BCD1D5 /* SmokeOrFire */ = {
			isa = PBXGroup;
			children = (
				FE194B7F2475C45B0049F023 /* Model */,
				FE194B7C2475C4430049F023 /* Controllers */,
				FE194B7B2475C43A0049F023 /* Views */,
				AB52904A2475C21600BCD1D5 /* Resource */,
			);
			path = SmokeOrFire;
			sourceTree = "<group>";
		};
		AB52904A2475C21600BCD1D5 /* Resource */ = {
			isa = PBXGroup;
			children = (
				AB5290362475C20500BCD1D5 /* AppDelegate.swift */,
				AB5290382475C20500BCD1D5 /* SceneDelegate.swift */,
				AB52903F2475C20600BCD1D5 /* Assets.xcassets */,
				AB5290442475C20600BCD1D5 /* Info.plist */,
			);
			path = Resource;
			sourceTree = "<group>";
		};
		FE194B7B2475C43A0049F023 /* Views */ = {
			isa = PBXGroup;
			children = (
				AB52903C2475C20500BCD1D5 /* Main.storyboard */,
				AB5290412475C20600BCD1D5 /* LaunchScreen.storyboard */,
			);
			path = Views;
			sourceTree = "<group>";
		};
		FE194B7C2475C4430049F023 /* Controllers */ = {
			isa = PBXGroup;
			children = (
				FE194B7E2475C44E0049F023 /* ViewControllers */,
				FE194B7D2475C4480049F023 /* ModelController */,
			);
			path = Controllers;
			sourceTree = "<group>";
		};
		FE194B7D2475C4480049F023 /* ModelController */ = {
			isa = PBXGroup;
			children = (
				FE194B842475C4DC0049F023 /* CardController.swift */,
			);
			path = ModelController;
			sourceTree = "<group>";
		};
		FE194B7E2475C44E0049F023 /* ViewControllers */ = {
			isa = PBXGroup;
			children = (
				FE194B822475C4C60049F023 /* CardViewController.swift */,
			);
			path = ViewControllers;
			sourceTree = "<group>";
		};
		FE194B7F2475C45B0049F023 /* Model */ = {
			isa = PBXGroup;
			children = (
				FE194B802475C4860049F023 /* Card.swift */,
			);
			path = Model;
			sourceTree = "<group>";
		};
/* End PBXGroup section */

/* Begin PBXNativeTarget section */
		AB5290322475C20500BCD1D5 /* SmokeOrFire */ = {
			isa = PBXNativeTarget;
			buildConfigurationList = AB5290472475C20600BCD1D5 /* Build configuration list for PBXNativeTarget "SmokeOrFire" */;
			buildPhases = (
				AB52902F2475C20500BCD1D5 /* Sources */,
				AB5290302475C20500BCD1D5 /* Frameworks */,
				AB5290312475C20500BCD1D5 /* Resources */,
			);
			buildRules = (
			);
			dependencies = (
			);
			name = SmokeOrFire;
			productName = SmokeOrFire;
			productReference = AB5290332475C20500BCD1D5 /* SmokeOrFire.app */;
			productType = "com.apple.product-type.application";
		};
/* End PBXNativeTarget section */

/* Begin PBXProject section */
		AB52902B2475C20500BCD1D5 /* Project object */ = {
			isa = PBXProject;
			attributes = {
				LastSwiftUpdateCheck = 1140;
				LastUpgradeCheck = 1140;
				ORGANIZATIONNAME = "Jose Martinez";
				TargetAttributes = {
					AB5290322475C20500BCD1D5 = {
						CreatedOnToolsVersion = 11.4.1;
					};
				};
			};
			buildConfigurationList = AB52902E2475C20500BCD1D5 /* Build configuration list for PBXProject "SmokeOrFire" */;
			compatibilityVersion = "Xcode 9.3";
			developmentRegion = en;
			hasScannedForEncodings = 0;
			knownRegions = (
				en,
				Base,
			);
			mainGroup = AB52902A2475C20500BCD1D5;
			productRefGroup = AB5290342475C20500BCD1D5 /* Products */;
			projectDirPath = "";
			projectRoot = "";
			targets = (
				AB5290322475C20500BCD1D5 /* SmokeOrFire */,
			);
		};
/* End PBXProject section */

/* Begin PBXResourcesBuildPhase section */
		AB5290312475C20500BCD1D5 /* Resources */ = {
			isa = PBXResourcesBuildPhase;
			buildActionMask = 2147483647;
			files = (
				AB5290432475C20600BCD1D5 /* LaunchScreen.storyboard in Resources */,
				AB5290402475C20600BCD1D5 /* Assets.xcassets in Resources */,
				AB52903E2475C20500BCD1D5 /* Main.storyboard in Resources */,
			);
			runOnlyForDeploymentPostprocessing = 0;
		};
/* End PBXResourcesBuildPhase section */

/* Begin PBXSourcesBuildPhase section */
		AB52902F2475C20500BCD1D5 /* Sources */ = {
			isa = PBXSourcesBuildPhase;
			buildActionMask = 2147483647;
			files = (
				FE194B852475C4DC0049F023 /* CardController.swift in Sources */,
				FE194B832475C4C60049F023 /* CardViewController.swift in Sources */,
				AB5290372475C20500BCD1D5 /* AppDelegate.swift in Sources */,
				FE194B812475C4860049F023 /* Card.swift in Sources */,
				AB5290392475C20500BCD1D5 /* SceneDelegate.swift in Sources */,
			);
			runOnlyForDeploymentPostprocessing = 0;
		};
/* End PBXSourcesBuildPhase section */

/* Begin PBXVariantGroup section */
		AB52903C2475C20500BCD1D5 /* Main.storyboard */ = {
			isa = PBXVariantGroup;
			children = (
				AB52903D2475C20500BCD1D5 /* Base */,
			);
			name = Main.storyboard;
			sourceTree = "<group>";
		};
		AB5290412475C20600BCD1D5 /* LaunchScreen.storyboard */ = {
			isa = PBXVariantGroup;
			children = (
				AB5290422475C20600BCD1D5 /* Base */,
			);
			name = LaunchScreen.storyboard;
			sourceTree = "<group>";
		};
/* End PBXVariantGroup section */

/* Begin XCBuildConfiguration section */
		AB5290452475C20600BCD1D5 /* Debug */ = {
			isa = XCBuildConfiguration;
			buildSettings = {
				ALWAYS_SEARCH_USER_PATHS = NO;
				CLANG_ANALYZER_NONNULL = YES;
				CLANG_ANALYZER_NUMBER_OBJECT_CONVERSION = YES_AGGRESSIVE;
				CLANG_CXX_LANGUAGE_STANDARD = "gnu++14";
				CLANG_CXX_LIBRARY = "libc++";
				CLANG_ENABLE_MODULES = YES;
				CLANG_ENABLE_OBJC_ARC = YES;
				CLANG_ENABLE_OBJC_WEAK = YES;
				CLANG_WARN_BLOCK_CAPTURE_AUTORELEASING = YES;
				CLANG_WARN_BOOL_CONVERSION = YES;
				CLANG_WARN_COMMA = YES;
				CLANG_WARN_CONSTANT_CONVERSION = YES;
				CLANG_WARN_DEPRECATED_OBJC_IMPLEMENTATIONS = YES;
				CLANG_WARN_DIRECT_OBJC_ISA_USAGE = YES_ERROR;
				CLANG_WARN_DOCUMENTATION_COMMENTS = YES;
				CLANG_WARN_EMPTY_BODY = YES;
				CLANG_WARN_ENUM_CONVERSION = YES;
				CLANG_WARN_INFINITE_RECURSION = YES;
				CLANG_WARN_INT_CONVERSION = YES;
				CLANG_WARN_NON_LITERAL_NULL_CONVERSION = YES;
				CLANG_WARN_OBJC_IMPLICIT_RETAIN_SELF = YES;
				CLANG_WARN_OBJC_LITERAL_CONVERSION = YES;
				CLANG_WARN_OBJC_ROOT_CLASS = YES_ERROR;
				CLANG_WARN_RANGE_LOOP_ANALYSIS = YES;
				CLANG_WARN_STRICT_PROTOTYPES = YES;
				CLANG_WARN_SUSPICIOUS_MOVE = YES;
				CLANG_WARN_UNGUARDED_AVAILABILITY = YES_AGGRESSIVE;
				CLANG_WARN_UNREACHABLE_CODE = YES;
				CLANG_WARN__DUPLICATE_METHOD_MATCH = YES;
				COPY_PHASE_STRIP = NO;
				DEBUG_INFORMATION_FORMAT = dwarf;
				ENABLE_STRICT_OBJC_MSGSEND = YES;
				ENABLE_TESTABILITY = YES;
				GCC_C_LANGUAGE_STANDARD = gnu11;
				GCC_DYNAMIC_NO_PIC = NO;
				GCC_NO_COMMON_BLOCKS = YES;
				GCC_OPTIMIZATION_LEVEL = 0;
				GCC_PREPROCESSOR_DEFINITIONS = (
					"DEBUG=1",
					"$(inherited)",
				);
				GCC_WARN_64_TO_32_BIT_CONVERSION = YES;
				GCC_WARN_ABOUT_RETURN_TYPE = YES_ERROR;
				GCC_WARN_UNDECLARED_SELECTOR = YES;
				GCC_WARN_UNINITIALIZED_AUTOS = YES_AGGRESSIVE;
				GCC_WARN_UNUSED_FUNCTION = YES;
				GCC_WARN_UNUSED_VARIABLE = YES;
				IPHONEOS_DEPLOYMENT_TARGET = 13.4;
				MTL_ENABLE_DEBUG_INFO = INCLUDE_SOURCE;
				MTL_FAST_MATH = YES;
				ONLY_ACTIVE_ARCH = YES;
				SDKROOT = iphoneos;
				SWIFT_ACTIVE_COMPILATION_CONDITIONS = DEBUG;
				SWIFT_OPTIMIZATION_LEVEL = "-Onone";
			};
			name = Debug;
		};
		AB5290462475C20600BCD1D5 /* Release */ = {
			isa = XCBuildConfiguration;
			buildSettings = {
				ALWAYS_SEARCH_USER_PATHS = NO;
				CLANG_ANALYZER_NONNULL = YES;
				CLANG_ANALYZER_NUMBER_OBJECT_CONVERSION = YES_AGGRESSIVE;
				CLANG_CXX_LANGUAGE_STANDARD = "gnu++14";
				CLANG_CXX_LIBRARY = "libc++";
				CLANG_ENABLE_MODULES = YES;
				CLANG_ENABLE_OBJC_ARC = YES;
				CLANG_ENABLE_OBJC_WEAK = YES;
				CLANG_WARN_BLOCK_CAPTURE_AUTORELEASING = YES;
				CLANG_WARN_BOOL_CONVERSION = YES;
				CLANG_WARN_COMMA = YES;
				CLANG_WARN_CONSTANT_CONVERSION = YES;
				CLANG_WARN_DEPRECATED_OBJC_IMPLEMENTATIONS = YES;
				CLANG_WARN_DIRECT_OBJC_ISA_USAGE = YES_ERROR;
				CLANG_WARN_DOCUMENTATION_COMMENTS = YES;
				CLANG_WARN_EMPTY_BODY = YES;
				CLANG_WARN_ENUM_CONVERSION = YES;
				CLANG_WARN_INFINITE_RECURSION = YES;
				CLANG_WARN_INT_CONVERSION = YES;
				CLANG_WARN_NON_LITERAL_NULL_CONVERSION = YES;
				CLANG_WARN_OBJC_IMPLICIT_RETAIN_SELF = YES;
				CLANG_WARN_OBJC_LITERAL_CONVERSION = YES;
				CLANG_WARN_OBJC_ROOT_CLASS = YES_ERROR;
				CLANG_WARN_RANGE_LOOP_ANALYSIS = YES;
				CLANG_WARN_STRICT_PROTOTYPES = YES;
				CLANG_WARN_SUSPICIOUS_MOVE = YES;
				CLANG_WARN_UNGUARDED_AVAILABILITY = YES_AGGRESSIVE;
				CLANG_WARN_UNREACHABLE_CODE = YES;
				CLANG_WARN__DUPLICATE_METHOD_MATCH = YES;
				COPY_PHASE_STRIP = NO;
				DEBUG_INFORMATION_FORMAT = "dwarf-with-dsym";
				ENABLE_NS_ASSERTIONS = NO;
				ENABLE_STRICT_OBJC_MSGSEND = YES;
				GCC_C_LANGUAGE_STANDARD = gnu11;
				GCC_NO_COMMON_BLOCKS = YES;
				GCC_WARN_64_TO_32_BIT_CONVERSION = YES;
				GCC_WARN_ABOUT_RETURN_TYPE = YES_ERROR;
				GCC_WARN_UNDECLARED_SELECTOR = YES;
				GCC_WARN_UNINITIALIZED_AUTOS = YES_AGGRESSIVE;
				GCC_WARN_UNUSED_FUNCTION = YES;
				GCC_WARN_UNUSED_VARIABLE = YES;
				IPHONEOS_DEPLOYMENT_TARGET = 13.4;
				MTL_ENABLE_DEBUG_INFO = NO;
				MTL_FAST_MATH = YES;
				SDKROOT = iphoneos;
				SWIFT_COMPILATION_MODE = wholemodule;
				SWIFT_OPTIMIZATION_LEVEL = "-O";
				VALIDATE_PRODUCT = YES;
			};
			name = Release;
		};
		AB5290482475C20600BCD1D5 /* Debug */ = {
			isa = XCBuildConfiguration;
			buildSettings = {
				ASSETCATALOG_COMPILER_APPICON_NAME = AppIcon;
				CODE_SIGN_STYLE = Automatic;
				DEVELOPMENT_TEAM = 8R94WS9HFC;
				INFOPLIST_FILE = SmokeOrFire/Resource/Info.plist;
				LD_RUNPATH_SEARCH_PATHS = (
					"$(inherited)",
					"@executable_path/Frameworks",
				);
				PRODUCT_BUNDLE_IDENTIFIER = com.dogsOfWar.SmokeOrFire;
				PRODUCT_NAME = "$(TARGET_NAME)";
				SWIFT_VERSION = 5.0;
				TARGETED_DEVICE_FAMILY = "1,2";
			};
			name = Debug;
		};
		AB5290492475C20600BCD1D5 /* Release */ = {
			isa = XCBuildConfiguration;
			buildSettings = {
				ASSETCATALOG_COMPILER_APPICON_NAME = AppIcon;
				CODE_SIGN_STYLE = Automatic;
				DEVELOPMENT_TEAM = 8R94WS9HFC;
				INFOPLIST_FILE = SmokeOrFire/Resource/Info.plist;
				LD_RUNPATH_SEARCH_PATHS = (
					"$(inherited)",
					"@executable_path/Frameworks",
				);
				PRODUCT_BUNDLE_IDENTIFIER = com.dogsOfWar.SmokeOrFire;
				PRODUCT_NAME = "$(TARGET_NAME)";
				SWIFT_VERSION = 5.0;
				TARGETED_DEVICE_FAMILY = "1,2";
			};
			name = Release;
		};
/* End XCBuildConfiguration section */

/* Begin XCConfigurationList section */
		AB52902E2475C20500BCD1D5 /* Build configuration list for PBXProject "SmokeOrFire" */ = {
			isa = XCConfigurationList;
			buildConfigurations = (
				AB5290452475C20600BCD1D5 /* Debug */,
				AB5290462475C20600BCD1D5 /* Release */,
			);
			defaultConfigurationIsVisible = 0;
			defaultConfigurationName = Release;
		};
		AB5290472475C20600BCD1D5 /* Build configuration list for PBXNativeTarget "SmokeOrFire" */ = {
			isa = XCConfigurationList;
			buildConfigurations = (
				AB5290482475C20600BCD1D5 /* Debug */,
				AB5290492475C20600BCD1D5 /* Release */,
			);
			defaultConfigurationIsVisible = 0;
			defaultConfigurationName = Release;
		};
/* End XCConfigurationList section */
	};
	rootObject = AB52902B2475C20500BCD1D5 /* Project object */;
}
